
Microsoft Visual Studio Solution File, Format Version 12.00
Project("{FAE04EC0-301F-11D3-BF4B-00C04F79EFBC}") = "Pages.Utils.FluentResults", "Pages.Utils.FluentResults\Pages.Utils.FluentResults.csproj", "{FF8181E0-30A4-464D-B0EB-7714C901D5F9}"
EndProject
Global
	GlobalSection(SolutionConfigurationPlatforms) = preSolution
		Debug|Any CPU = Debug|Any CPU
		Release|Any CPU = Release|Any CPU
	EndGlobalSection
	GlobalSection(ProjectConfigurationPlatforms) = postSolution
		{FF8181E0-30A4-464D-B0EB-7714C901D5F9}.Debug|Any CPU.ActiveCfg = Debug|Any CPU
		{FF8181E0-30A4-464D-B0EB-7714C901D5F9}.Debug|Any CPU.Build.0 = Debug|Any CPU
		{FF8181E0-30A4-464D-B0EB-7714C901D5F9}.Release|Any CPU.ActiveCfg = Release|Any CPU
		{FF8181E0-30A4-464D-B0EB-7714C901D5F9}.Release|Any CPU.Build.0 = Release|Any CPU
	EndGlobalSection
EndGlobal
